{
  "version": 4,
  "terraform_version": "0.12.28",
  "serial": 3,
  "lineage": "750b8e8e-0d2b-e36a-7f62-bf73a388d8fd",
  "outputs": {},
  "resources": [
    {
      "mode": "managed",
      "type": "azurerm_app_service_plan",
      "name": "appserviceplan",
      "provider": "provider.azurerm",
      "instances": [
        {
          "schema_version": 0,
          "attributes": {
            "app_service_environment_id": null,
            "id": "/subscriptions/aec9cae1-06d1-46fb-934d-297d5a4935ab/resourceGroups/webapp-containers-demo/providers/Microsoft.Web/serverfarms/webapptfplan",
            "is_xenon": false,
            "kind": "linux",
            "location": "southcentralus",
            "maximum_elastic_worker_count": 1,
            "maximum_number_of_workers": 1,
            "name": "webapptfplan",
            "per_site_scaling": false,
            "properties": [
              {
                "app_service_environment_id": "",
                "per_site_scaling": false,
                "reserved": true
              }
            ],
            "reserved": true,
            "resource_group_name": "webapp-containers-demo",
            "sku": [
              {
                "capacity": 1,
                "size": "F1",
                "tier": "Free"
              }
            ],
            "tags": {}
          },
          "private": "bnVsbA==",
          "dependencies": [
            "azurerm_resource_group.group"
          ]
        }
      ]
    },
    {
      "mode": "managed",
      "type": "azurerm_resource_group",
      "name": "group",
      "provider": "provider.azurerm",
      "instances": [
        {
          "schema_version": 0,
          "attributes": {
            "id": "/subscriptions/aec9cae1-06d1-46fb-934d-297d5a4935ab/resourceGroups/webapp-containers-demo",
            "location": "southcentralus",
            "name": "webapp-containers-demo",
            "tags": {}
          },
          "private": "bnVsbA=="
        }
      ]
    }
  ]
}
